// !$*UTF8*$!
{
	archiveVersion = 1;
	classes = {
	};
	objectVersion = 46;
	objects = {

/* Begin PBXBuildFile section */
		5701F3DB1511C1BE009A5816 /* spinner.xib in Resources */ = {isa = PBXBuildFile; fileRef = 5701F3DA1511C1BE009A5816 /* spinner.xib */; };
		5701F3E01511C3F9009A5816 /* SpinnerController.m in Sources */ = {isa = PBXBuildFile; fileRef = 5701F3DF1511C3F9009A5816 /* SpinnerController.m */; };
		5701F3E31511D1AB009A5816 /* SpinnerDriver.m in Sources */ = {isa = PBXBuildFile; fileRef = 5701F3E21511D1AB009A5816 /* SpinnerDriver.m */; };
		57127CD514DA60BC00D2E891 /* launchAtLoginController.m in Sources */ = {isa = PBXBuildFile; fileRef = 57127CD414DA60BC00D2E891 /* launchAtLoginController.m */; };
		57460F5414E24BC30085BBAC /* Sparkle.framework in Frameworks */ = {isa = PBXBuildFile; fileRef = 57460F5314E24BC30085BBAC /* Sparkle.framework */; };
		57460F5514E24BCE0085BBAC /* Sparkle.framework in CopyFiles */ = {isa = PBXBuildFile; fileRef = 57460F5314E24BC30085BBAC /* Sparkle.framework */; };
		57514F5514EAEFEC00B74FC7 /* Growl.framework in Frameworks */ = {isa = PBXBuildFile; fileRef = 57514F5414EAEFEC00B74FC7 /* Growl.framework */; };
		57514F5714EAF07800B74FC7 /* Growl.framework in CopyFiles */ = {isa = PBXBuildFile; fileRef = 57514F5414EAEFEC00B74FC7 /* Growl.framework */; };
		57514F5B14EAF0ED00B74FC7 /* Growl Registration Ticket.growlRegDict in Resources */ = {isa = PBXBuildFile; fileRef = 57514F5A14EAF0ED00B74FC7 /* Growl Registration Ticket.growlRegDict */; };
		5771E11314F1CA6500F1E472 /* ssh_connect in Resources */ = {isa = PBXBuildFile; fileRef = 5771E11214F1CA6500F1E472 /* ssh_connect */; };
		5787D43D14F2DDFA00DE2CF3 /* QuartzCore.framework in Frameworks */ = {isa = PBXBuildFile; fileRef = 5787D43C14F2DDF900DE2CF3 /* QuartzCore.framework */; };
		579161A314D13EE900786962 /* Cocoa.framework in Frameworks */ = {isa = PBXBuildFile; fileRef = 579161A214D13EE900786962 /* Cocoa.framework */; settings = {ATTRIBUTES = (Required, ); }; };
		579161AD14D13EE900786962 /* InfoPlist.strings in Resources */ = {isa = PBXBuildFile; fileRef = 579161AB14D13EE900786962 /* InfoPlist.strings */; };
		579161AF14D13EE900786962 /* main.m in Sources */ = {isa = PBXBuildFile; fileRef = 579161AE14D13EE900786962 /* main.m */; };
		579161B314D13EE900786962 /* Credits.rtf in Resources */ = {isa = PBXBuildFile; fileRef = 579161B114D13EE900786962 /* Credits.rtf */; };
		579161B614D13EE900786962 /* AppDelegate.m in Sources */ = {isa = PBXBuildFile; fileRef = 579161B514D13EE900786962 /* AppDelegate.m */; };
		579161B914D13EEA00786962 /* MainMenu.xib in Resources */ = {isa = PBXBuildFile; fileRef = 579161B714D13EEA00786962 /* MainMenu.xib */; };
		57C855ED14D62BA1009D0B98 /* off.png in Resources */ = {isa = PBXBuildFile; fileRef = 57C855EA14D62BA1009D0B98 /* off.png */; };
		57C855EE14D62BA1009D0B98 /* on.png in Resources */ = {isa = PBXBuildFile; fileRef = 57C855EB14D62BA1009D0B98 /* on.png */; };
		57C855EF14D62BA1009D0B98 /* starting.png in Resources */ = {isa = PBXBuildFile; fileRef = 57C855EC14D62BA1009D0B98 /* starting.png */; };
		57C855FC14D652EA009D0B98 /* icon.icns in Resources */ = {isa = PBXBuildFile; fileRef = 57C855FB14D652EA009D0B98 /* icon.icns */; };
		57E0847314D5DB320098391D /* AppController.m in Sources */ = {isa = PBXBuildFile; fileRef = 57E0847214D5DB320098391D /* AppController.m */; };
		57E0847614D5DB590098391D /* PrefController.m in Sources */ = {isa = PBXBuildFile; fileRef = 57E0847514D5DB590098391D /* PrefController.m */; };
		57E0847814D5DB6D0098391D /* prefs.xib in Resources */ = {isa = PBXBuildFile; fileRef = 57E0847714D5DB6D0098391D /* prefs.xib */; };
		57E0849414D61A0C0098391D /* dsa_pub.pem in Resources */ = {isa = PBXBuildFile; fileRef = 57E0849314D61A0C0098391D /* dsa_pub.pem */; };
/* End PBXBuildFile section */

/* Begin PBXCopyFilesBuildPhase section */
		57E0849114D60E140098391D /* CopyFiles */ = {
			isa = PBXCopyFilesBuildPhase;
			buildActionMask = 2147483647;
			dstPath = "";
			dstSubfolderSpec = 10;
			files = (
				57460F5514E24BCE0085BBAC /* Sparkle.framework in CopyFiles */,
				57514F5714EAF07800B74FC7 /* Growl.framework in CopyFiles */,
			);
			runOnlyForDeploymentPostprocessing = 0;
		};
/* End PBXCopyFilesBuildPhase section */

/* Begin PBXFileReference section */
		5701F3DA1511C1BE009A5816 /* spinner.xib */ = {isa = PBXFileReference; fileEncoding = 4; lastKnownFileType = file.xib; path = spinner.xib; sourceTree = "<group>"; };
		5701F3DE1511C3F9009A5816 /* SpinnerController.h */ = {isa = PBXFileReference; fileEncoding = 4; lastKnownFileType = sourcecode.c.h; path = SpinnerController.h; sourceTree = "<group>"; };
		5701F3DF1511C3F9009A5816 /* SpinnerController.m */ = {isa = PBXFileReference; fileEncoding = 4; lastKnownFileType = sourcecode.c.objc; path = SpinnerController.m; sourceTree = "<group>"; };
		5701F3E11511D1AB009A5816 /* SpinnerDriver.h */ = {isa = PBXFileReference; fileEncoding = 4; lastKnownFileType = sourcecode.c.h; path = SpinnerDriver.h; sourceTree = "<group>"; };
		5701F3E21511D1AB009A5816 /* SpinnerDriver.m */ = {isa = PBXFileReference; fileEncoding = 4; lastKnownFileType = sourcecode.c.objc; path = SpinnerDriver.m; sourceTree = "<group>"; };
		57127CD314DA60BC00D2E891 /* launchAtLoginController.h */ = {isa = PBXFileReference; fileEncoding = 4; lastKnownFileType = sourcecode.c.h; path = launchAtLoginController.h; sourceTree = "<group>"; };
		57127CD414DA60BC00D2E891 /* launchAtLoginController.m */ = {isa = PBXFileReference; fileEncoding = 4; lastKnownFileType = sourcecode.c.objc; path = launchAtLoginController.m; sourceTree = "<group>"; };
		57460F5314E24BC30085BBAC /* Sparkle.framework */ = {isa = PBXFileReference; lastKnownFileType = wrapper.framework; path = Sparkle.framework; sourceTree = "<group>"; };
		57514F5414EAEFEC00B74FC7 /* Growl.framework */ = {isa = PBXFileReference; lastKnownFileType = wrapper.framework; path = Growl.framework; sourceTree = "<group>"; };
		57514F5A14EAF0ED00B74FC7 /* Growl Registration Ticket.growlRegDict */ = {isa = PBXFileReference; fileEncoding = 4; lastKnownFileType = text; path = "Growl Registration Ticket.growlRegDict"; sourceTree = "<group>"; };
		5771E11214F1CA6500F1E472 /* ssh_connect */ = {isa = PBXFileReference; fileEncoding = 4; lastKnownFileType = text; path = ssh_connect; sourceTree = "<group>"; };
		5787D43C14F2DDF900DE2CF3 /* QuartzCore.framework */ = {isa = PBXFileReference; lastKnownFileType = wrapper.framework; name = QuartzCore.framework; path = System/Library/Frameworks/QuartzCore.framework; sourceTree = SDKROOT; };
		5791619E14D13EE900786962 /* ProxyApp.app */ = {isa = PBXFileReference; explicitFileType = wrapper.application; includeInIndex = 0; path = ProxyApp.app; sourceTree = BUILT_PRODUCTS_DIR; };
		579161A214D13EE900786962 /* Cocoa.framework */ = {isa = PBXFileReference; lastKnownFileType = wrapper.framework; name = Cocoa.framework; path = System/Library/Frameworks/Cocoa.framework; sourceTree = SDKROOT; };
		579161A514D13EE900786962 /* AppKit.framework */ = {isa = PBXFileReference; lastKnownFileType = wrapper.framework; name = AppKit.framework; path = System/Library/Frameworks/AppKit.framework; sourceTree = SDKROOT; };
		579161A614D13EE900786962 /* CoreData.framework */ = {isa = PBXFileReference; lastKnownFileType = wrapper.framework; name = CoreData.framework; path = System/Library/Frameworks/CoreData.framework; sourceTree = SDKROOT; };
		579161A714D13EE900786962 /* Foundation.framework */ = {isa = PBXFileReference; lastKnownFileType = wrapper.framework; name = Foundation.framework; path = System/Library/Frameworks/Foundation.framework; sourceTree = SDKROOT; };
		579161AA14D13EE900786962 /* ProxyApp-Info.plist */ = {isa = PBXFileReference; lastKnownFileType = text.plist.xml; path = "ProxyApp-Info.plist"; sourceTree = "<group>"; };
		579161AC14D13EE900786962 /* en */ = {isa = PBXFileReference; lastKnownFileType = text.plist.strings; name = en; path = en.lproj/InfoPlist.strings; sourceTree = "<group>"; };
		579161AE14D13EE900786962 /* main.m */ = {isa = PBXFileReference; lastKnownFileType = sourcecode.c.objc; path = main.m; sourceTree = "<group>"; };
		579161B014D13EE900786962 /* ProxyApp-Prefix.pch */ = {isa = PBXFileReference; lastKnownFileType = sourcecode.c.h; path = "ProxyApp-Prefix.pch"; sourceTree = "<group>"; };
		579161B214D13EE900786962 /* en */ = {isa = PBXFileReference; lastKnownFileType = text.rtf; name = en; path = en.lproj/Credits.rtf; sourceTree = "<group>"; };
		579161B414D13EE900786962 /* AppDelegate.h */ = {isa = PBXFileReference; lastKnownFileType = sourcecode.c.h; path = AppDelegate.h; sourceTree = "<group>"; };
		579161B514D13EE900786962 /* AppDelegate.m */ = {isa = PBXFileReference; lastKnownFileType = sourcecode.c.objc; path = AppDelegate.m; sourceTree = "<group>"; };
		579161B814D13EEA00786962 /* en */ = {isa = PBXFileReference; lastKnownFileType = file.xib; name = en; path = en.lproj/MainMenu.xib; sourceTree = "<group>"; };
		579161C014D13EEA00786962 /* SenTestingKit.framework */ = {isa = PBXFileReference; lastKnownFileType = wrapper.framework; name = SenTestingKit.framework; path = Library/Frameworks/SenTestingKit.framework; sourceTree = DEVELOPER_DIR; };
		57C855EA14D62BA1009D0B98 /* off.png */ = {isa = PBXFileReference; lastKnownFileType = image.png; path = off.png; sourceTree = "<group>"; };
		57C855EB14D62BA1009D0B98 /* on.png */ = {isa = PBXFileReference; lastKnownFileType = image.png; path = on.png; sourceTree = "<group>"; };
		57C855EC14D62BA1009D0B98 /* starting.png */ = {isa = PBXFileReference; lastKnownFileType = image.png; path = starting.png; sourceTree = "<group>"; };
		57C855FB14D652EA009D0B98 /* icon.icns */ = {isa = PBXFileReference; lastKnownFileType = image.icns; path = icon.icns; sourceTree = "<group>"; };
		57E0847114D5DB320098391D /* AppController.h */ = {isa = PBXFileReference; fileEncoding = 4; lastKnownFileType = sourcecode.c.h; path = AppController.h; sourceTree = "<group>"; };
		57E0847214D5DB320098391D /* AppController.m */ = {isa = PBXFileReference; fileEncoding = 4; lastKnownFileType = sourcecode.c.objc; path = AppController.m; sourceTree = "<group>"; };
		57E0847414D5DB590098391D /* PrefController.h */ = {isa = PBXFileReference; fileEncoding = 4; lastKnownFileType = sourcecode.c.h; path = PrefController.h; sourceTree = "<group>"; };
		57E0847514D5DB590098391D /* PrefController.m */ = {isa = PBXFileReference; fileEncoding = 4; lastKnownFileType = sourcecode.c.objc; path = PrefController.m; sourceTree = "<group>"; };
		57E0847714D5DB6D0098391D /* prefs.xib */ = {isa = PBXFileReference; fileEncoding = 4; lastKnownFileType = file.xib; path = prefs.xib; sourceTree = "<group>"; };
		57E0849314D61A0C0098391D /* dsa_pub.pem */ = {isa = PBXFileReference; fileEncoding = 4; lastKnownFileType = text; path = dsa_pub.pem; sourceTree = "<group>"; };
/* End PBXFileReference section */

/* Begin PBXFrameworksBuildPhase section */
		5791619B14D13EE900786962 /* Frameworks */ = {
			isa = PBXFrameworksBuildPhase;
			buildActionMask = 2147483647;
			files = (
				5787D43D14F2DDFA00DE2CF3 /* QuartzCore.framework in Frameworks */,
				579161A314D13EE900786962 /* Cocoa.framework in Frameworks */,
				57460F5414E24BC30085BBAC /* Sparkle.framework in Frameworks */,
				57514F5514EAEFEC00B74FC7 /* Growl.framework in Frameworks */,
			);
			runOnlyForDeploymentPostprocessing = 0;
		};
/* End PBXFrameworksBuildPhase section */

/* Begin PBXGroup section */
		5701F3DD1511C394009A5816 /* Spinner */ = {
			isa = PBXGroup;
			children = (
				5701F3DE1511C3F9009A5816 /* SpinnerController.h */,
				5701F3DF1511C3F9009A5816 /* SpinnerController.m */,
				5701F3E11511D1AB009A5816 /* SpinnerDriver.h */,
				5701F3E21511D1AB009A5816 /* SpinnerDriver.m */,
				5701F3DA1511C1BE009A5816 /* spinner.xib */,
			);
			name = Spinner;
			path = ProxyApp;
			sourceTree = "<group>";
		};
		57127CD714DA60C400D2E891 /* Auto Launch */ = {
			isa = PBXGroup;
			children = (
				57127CD314DA60BC00D2E891 /* launchAtLoginController.h */,
				57127CD414DA60BC00D2E891 /* launchAtLoginController.m */,
			);
			name = "Auto Launch";
			path = ProxyApp;
			sourceTree = "<group>";
		};
		5791619314D13EE900786962 = {
			isa = PBXGroup;
			children = (
				5701F3DD1511C394009A5816 /* Spinner */,
				57127CD714DA60C400D2E891 /* Auto Launch */,
				57E0847E14D5F6D80098391D /* Prefs */,
				579161A814D13EE900786962 /* ProxyApp */,
				57E0848A14D607AA0098391D /* Resources */,
				579161A114D13EE900786962 /* Frameworks */,
				5791619F14D13EE900786962 /* Products */,
			);
			sourceTree = "<group>";
		};
		5791619F14D13EE900786962 /* Products */ = {
			isa = PBXGroup;
			children = (
				5791619E14D13EE900786962 /* ProxyApp.app */,
			);
			name = Products;
			sourceTree = "<group>";
		};
		579161A114D13EE900786962 /* Frameworks */ = {
			isa = PBXGroup;
			children = (
				5787D43C14F2DDF900DE2CF3 /* QuartzCore.framework */,
				57514F5414EAEFEC00B74FC7 /* Growl.framework */,
				57460F5314E24BC30085BBAC /* Sparkle.framework */,
				579161A214D13EE900786962 /* Cocoa.framework */,
				579161C014D13EEA00786962 /* SenTestingKit.framework */,
				579161A414D13EE900786962 /* Other Frameworks */,
			);
			name = Frameworks;
			sourceTree = "<group>";
		};
		579161A414D13EE900786962 /* Other Frameworks */ = {
			isa = PBXGroup;
			children = (
				579161A514D13EE900786962 /* AppKit.framework */,
				579161A614D13EE900786962 /* CoreData.framework */,
				579161A714D13EE900786962 /* Foundation.framework */,
			);
			name = "Other Frameworks";
			sourceTree = "<group>";
		};
		579161A814D13EE900786962 /* ProxyApp */ = {
			isa = PBXGroup;
			children = (
				579161B414D13EE900786962 /* AppDelegate.h */,
				579161B514D13EE900786962 /* AppDelegate.m */,
				579161B714D13EEA00786962 /* MainMenu.xib */,
				57E0847714D5DB6D0098391D /* prefs.xib */,
				579161A914D13EE900786962 /* Supporting Files */,
			);
			path = ProxyApp;
			sourceTree = "<group>";
		};
		579161A914D13EE900786962 /* Supporting Files */ = {
			isa = PBXGroup;
			children = (
				579161AA14D13EE900786962 /* ProxyApp-Info.plist */,
				579161AB14D13EE900786962 /* InfoPlist.strings */,
				579161AE14D13EE900786962 /* main.m */,
				579161B014D13EE900786962 /* ProxyApp-Prefix.pch */,
				579161B114D13EE900786962 /* Credits.rtf */,
			);
			name = "Supporting Files";
			sourceTree = "<group>";
		};
		57E0847E14D5F6D80098391D /* Prefs */ = {
			isa = PBXGroup;
			children = (
				57E0847114D5DB320098391D /* AppController.h */,
				57E0847214D5DB320098391D /* AppController.m */,
				57E0847414D5DB590098391D /* PrefController.h */,
				57E0847514D5DB590098391D /* PrefController.m */,
			);
			name = Prefs;
			path = ProxyApp;
			sourceTree = "<group>";
		};
		57E0848A14D607AA0098391D /* Resources */ = {
			isa = PBXGroup;
			children = (
				57C855FB14D652EA009D0B98 /* icon.icns */,
				5771E11214F1CA6500F1E472 /* ssh_connect */,
				57C855EA14D62BA1009D0B98 /* off.png */,
				57C855EB14D62BA1009D0B98 /* on.png */,
				57C855EC14D62BA1009D0B98 /* starting.png */,
				57E0849314D61A0C0098391D /* dsa_pub.pem */,
				57514F5A14EAF0ED00B74FC7 /* Growl Registration Ticket.growlRegDict */,
			);
			name = Resources;
			sourceTree = "<group>";
		};
/* End PBXGroup section */

/* Begin PBXNativeTarget section */
		5791619D14D13EE900786962 /* ProxyApp */ = {
			isa = PBXNativeTarget;
			buildConfigurationList = 579161D014D13EEA00786962 /* Build configuration list for PBXNativeTarget "ProxyApp" */;
			buildPhases = (
				5791619A14D13EE900786962 /* Sources */,
				5791619B14D13EE900786962 /* Frameworks */,
				5791619C14D13EE900786962 /* Resources */,
				57E0849114D60E140098391D /* CopyFiles */,
			);
			buildRules = (
			);
			dependencies = (
			);
			name = ProxyApp;
			productName = ProxyApp;
			productReference = 5791619E14D13EE900786962 /* ProxyApp.app */;
			productType = "com.apple.product-type.application";
		};
/* End PBXNativeTarget section */

/* Begin PBXProject section */
		5791619514D13EE900786962 /* Project object */ = {
			isa = PBXProject;
			attributes = {
				LastUpgradeCheck = 0430;
			};
			buildConfigurationList = 5791619814D13EE900786962 /* Build configuration list for PBXProject "ProxyApp" */;
			compatibilityVersion = "Xcode 3.2";
			developmentRegion = English;
			hasScannedForEncodings = 0;
			knownRegions = (
				en,
				English,
			);
			mainGroup = 5791619314D13EE900786962;
			productRefGroup = 5791619F14D13EE900786962 /* Products */;
			projectDirPath = "";
			projectRoot = "";
			targets = (
				5791619D14D13EE900786962 /* ProxyApp */,
			);
		};
/* End PBXProject section */

/* Begin PBXResourcesBuildPhase section */
		5791619C14D13EE900786962 /* Resources */ = {
			isa = PBXResourcesBuildPhase;
			buildActionMask = 2147483647;
			files = (
				579161AD14D13EE900786962 /* InfoPlist.strings in Resources */,
				579161B314D13EE900786962 /* Credits.rtf in Resources */,
				579161B914D13EEA00786962 /* MainMenu.xib in Resources */,
				57E0847814D5DB6D0098391D /* prefs.xib in Resources */,
				57E0849414D61A0C0098391D /* dsa_pub.pem in Resources */,
				57C855ED14D62BA1009D0B98 /* off.png in Resources */,
				57C855EE14D62BA1009D0B98 /* on.png in Resources */,
				57C855EF14D62BA1009D0B98 /* starting.png in Resources */,
				57C855FC14D652EA009D0B98 /* icon.icns in Resources */,
				57514F5B14EAF0ED00B74FC7 /* Growl Registration Ticket.growlRegDict in Resources */,
				5771E11314F1CA6500F1E472 /* ssh_connect in Resources */,
				5701F3DB1511C1BE009A5816 /* spinner.xib in Resources */,
			);
			runOnlyForDeploymentPostprocessing = 0;
		};
/* End PBXResourcesBuildPhase section */

/* Begin PBXSourcesBuildPhase section */
		5791619A14D13EE900786962 /* Sources */ = {
			isa = PBXSourcesBuildPhase;
			buildActionMask = 2147483647;
			files = (
				579161AF14D13EE900786962 /* main.m in Sources */,
				579161B614D13EE900786962 /* AppDelegate.m in Sources */,
				57E0847314D5DB320098391D /* AppController.m in Sources */,
				57E0847614D5DB590098391D /* PrefController.m in Sources */,
				57127CD514DA60BC00D2E891 /* launchAtLoginController.m in Sources */,
				5701F3E01511C3F9009A5816 /* SpinnerController.m in Sources */,
				5701F3E31511D1AB009A5816 /* SpinnerDriver.m in Sources */,
			);
			runOnlyForDeploymentPostprocessing = 0;
		};
/* End PBXSourcesBuildPhase section */

/* Begin PBXVariantGroup section */
		579161AB14D13EE900786962 /* InfoPlist.strings */ = {
			isa = PBXVariantGroup;
			children = (
				579161AC14D13EE900786962 /* en */,
			);
			name = InfoPlist.strings;
			sourceTree = "<group>";
		};
		579161B114D13EE900786962 /* Credits.rtf */ = {
			isa = PBXVariantGroup;
			children = (
				579161B214D13EE900786962 /* en */,
			);
			name = Credits.rtf;
			sourceTree = "<group>";
		};
		579161B714D13EEA00786962 /* MainMenu.xib */ = {
			isa = PBXVariantGroup;
			children = (
				579161B814D13EEA00786962 /* en */,
			);
			name = MainMenu.xib;
			sourceTree = "<group>";
		};
/* End PBXVariantGroup section */

/* Begin XCBuildConfiguration section */
		579161CE14D13EEA00786962 /* Debug */ = {
			isa = XCBuildConfiguration;
			buildSettings = {
				ALWAYS_SEARCH_USER_PATHS = NO;
				ARCHS = "$(ARCHS_STANDARD_64_BIT)";
				COPY_PHASE_STRIP = NO;
				GCC_C_LANGUAGE_STANDARD = gnu99;
				GCC_DYNAMIC_NO_PIC = NO;
				GCC_ENABLE_OBJC_EXCEPTIONS = YES;
				GCC_ENABLE_OBJC_GC = unsupported;
				GCC_OPTIMIZATION_LEVEL = 0;
				GCC_PREPROCESSOR_DEFINITIONS = (
					"DEBUG=1",
					"$(inherited)",
				);
				GCC_SYMBOLS_PRIVATE_EXTERN = NO;
				GCC_VERSION = com.apple.compilers.llvm.clang.1_0;
				GCC_WARN_64_TO_32_BIT_CONVERSION = YES;
				GCC_WARN_ABOUT_MISSING_PROTOTYPES = YES;
				GCC_WARN_ABOUT_RETURN_TYPE = YES;
				GCC_WARN_UNUSED_VARIABLE = YES;
				MACOSX_DEPLOYMENT_TARGET = 10.7;
				ONLY_ACTIVE_ARCH = YES;
				SDKROOT = macosx;
			};
			name = Debug;
		};
		579161CF14D13EEA00786962 /* Release */ = {
			isa = XCBuildConfiguration;
			buildSettings = {
				ALWAYS_SEARCH_USER_PATHS = NO;
				ARCHS = "$(ARCHS_STANDARD_64_BIT)";
				COPY_PHASE_STRIP = YES;
				DEBUG_INFORMATION_FORMAT = "dwarf-with-dsym";
				GCC_C_LANGUAGE_STANDARD = gnu99;
				GCC_ENABLE_OBJC_EXCEPTIONS = YES;
				GCC_ENABLE_OBJC_GC = unsupported;
				GCC_VERSION = com.apple.compilers.llvm.clang.1_0;
				GCC_WARN_64_TO_32_BIT_CONVERSION = YES;
				GCC_WARN_ABOUT_MISSING_PROTOTYPES = YES;
				GCC_WARN_ABOUT_RETURN_TYPE = YES;
				GCC_WARN_UNUSED_VARIABLE = YES;
				MACOSX_DEPLOYMENT_TARGET = 10.7;
				SDKROOT = macosx;
			};
			name = Release;
		};
		579161D114D13EEA00786962 /* Debug */ = {
			isa = XCBuildConfiguration;
			buildSettings = {
				FRAMEWORK_SEARCH_PATHS = (
					"$(inherited)",
					"\"$(SRCROOT)\"",
				);
				GCC_PRECOMPILE_PREFIX_HEADER = YES;
				GCC_PREFIX_HEADER = "ProxyApp/ProxyApp-Prefix.pch";
				INFOPLIST_FILE = "ProxyApp/ProxyApp-Info.plist";
				PRODUCT_NAME = ProxyApp;
				WRAPPER_EXTENSION = app;
			};
			name = Debug;
		};
		579161D214D13EEA00786962 /* Release */ = {
			isa = XCBuildConfiguration;
			buildSettings = {
				FRAMEWORK_SEARCH_PATHS = (
					"$(inherited)",
					"\"$(SRCROOT)\"",
				);
				GCC_PRECOMPILE_PREFIX_HEADER = YES;
				GCC_PREFIX_HEADER = "ProxyApp/ProxyApp-Prefix.pch";
				INFOPLIST_FILE = "ProxyApp/ProxyApp-Info.plist";
				PRODUCT_NAME = ProxyApp;
				WRAPPER_EXTENSION = app;
			};
			name = Release;
		};
/* End XCBuildConfiguration section */

/* Begin XCConfigurationList section */
		5791619814D13EE900786962 /* Build configuration list for PBXProject "ProxyApp" */ = {
			isa = XCConfigurationList;
			buildConfigurations = (
				579161CE14D13EEA00786962 /* Debug */,
				579161CF14D13EEA00786962 /* Release */,
			);
			defaultConfigurationIsVisible = 0;
			defaultConfigurationName = Release;
		};
		579161D014D13EEA00786962 /* Build configuration list for PBXNativeTarget "ProxyApp" */ = {
			isa = XCConfigurationList;
			buildConfigurations = (
				579161D114D13EEA00786962 /* Debug */,
				579161D214D13EEA00786962 /* Release */,
			);
			defaultConfigurationIsVisible = 0;
			defaultConfigurationName = Release;
		};
/* End XCConfigurationList section */
	};
	rootObject = 5791619514D13EE900786962 /* Project object */;
}
