// !$*UTF8*$!
{
	archiveVersion = 1;
	classes = {
	};
	objectVersion = 46;
	objects = {

/* Begin PBXBuildFile section */
		573C504614EC8D8C0029A677 /* Cocoa.framework in Frameworks */ = {isa = PBXBuildFile; fileRef = 573C504514EC8D8C0029A677 /* Cocoa.framework */; };
		573C505014EC8D8C0029A677 /* InfoPlist.strings in Resources */ = {isa = PBXBuildFile; fileRef = 573C504E14EC8D8C0029A677 /* InfoPlist.strings */; };
		573C505214EC8D8C0029A677 /* main.m in Sources */ = {isa = PBXBuildFile; fileRef = 573C505114EC8D8C0029A677 /* main.m */; };
		573C505614EC8D8C0029A677 /* Credits.rtf in Resources */ = {isa = PBXBuildFile; fileRef = 573C505414EC8D8C0029A677 /* Credits.rtf */; };
		573C505914EC8D8C0029A677 /* AppDelegate.m in Sources */ = {isa = PBXBuildFile; fileRef = 573C505814EC8D8C0029A677 /* AppDelegate.m */; };
		573C505C14EC8D8D0029A677 /* MainMenu.xib in Resources */ = {isa = PBXBuildFile; fileRef = 573C505A14EC8D8D0029A677 /* MainMenu.xib */; };
		573C506414EC8D8D0029A677 /* SenTestingKit.framework in Frameworks */ = {isa = PBXBuildFile; fileRef = 573C506314EC8D8D0029A677 /* SenTestingKit.framework */; };
		573C506514EC8D8D0029A677 /* Cocoa.framework in Frameworks */ = {isa = PBXBuildFile; fileRef = 573C504514EC8D8C0029A677 /* Cocoa.framework */; };
		573C506D14EC8D8D0029A677 /* InfoPlist.strings in Resources */ = {isa = PBXBuildFile; fileRef = 573C506B14EC8D8D0029A677 /* InfoPlist.strings */; };
		573C507014EC8D8D0029A677 /* ProxyAppTests.m in Sources */ = {isa = PBXBuildFile; fileRef = 573C506F14EC8D8D0029A677 /* ProxyAppTests.m */; };
/* End PBXBuildFile section */

/* Begin PBXContainerItemProxy section */
		573C506614EC8D8D0029A677 /* PBXContainerItemProxy */ = {
			isa = PBXContainerItemProxy;
			containerPortal = 573C503814EC8D8C0029A677 /* Project object */;
			proxyType = 1;
			remoteGlobalIDString = 573C504014EC8D8C0029A677;
			remoteInfo = ProxyApp;
		};
/* End PBXContainerItemProxy section */

/* Begin PBXFileReference section */
		573C504114EC8D8C0029A677 /* ProxyApp.app */ = {isa = PBXFileReference; explicitFileType = wrapper.application; includeInIndex = 0; path = ProxyApp.app; sourceTree = BUILT_PRODUCTS_DIR; };
		573C504514EC8D8C0029A677 /* Cocoa.framework */ = {isa = PBXFileReference; lastKnownFileType = wrapper.framework; name = Cocoa.framework; path = System/Library/Frameworks/Cocoa.framework; sourceTree = SDKROOT; };
		573C504814EC8D8C0029A677 /* AppKit.framework */ = {isa = PBXFileReference; lastKnownFileType = wrapper.framework; name = AppKit.framework; path = System/Library/Frameworks/AppKit.framework; sourceTree = SDKROOT; };
		573C504914EC8D8C0029A677 /* CoreData.framework */ = {isa = PBXFileReference; lastKnownFileType = wrapper.framework; name = CoreData.framework; path = System/Library/Frameworks/CoreData.framework; sourceTree = SDKROOT; };
		573C504A14EC8D8C0029A677 /* Foundation.framework */ = {isa = PBXFileReference; lastKnownFileType = wrapper.framework; name = Foundation.framework; path = System/Library/Frameworks/Foundation.framework; sourceTree = SDKROOT; };
		573C504D14EC8D8C0029A677 /* ProxyApp-Info.plist */ = {isa = PBXFileReference; path = "ProxyApp-Info.plist"; sourceTree = "<group>"; };
		573C504F14EC8D8C0029A677 /* en */ = {isa = PBXFileReference; lastKnownFileType = text.plist.strings; name = en; path = en.lproj/InfoPlist.strings; sourceTree = "<group>"; };
		573C505114EC8D8C0029A677 /* main.m */ = {isa = PBXFileReference; lastKnownFileType = sourcecode.c.objc; path = main.m; sourceTree = "<group>"; };
		573C505314EC8D8C0029A677 /* ProxyApp-Prefix.pch */ = {isa = PBXFileReference; path = "ProxyApp-Prefix.pch"; sourceTree = "<group>"; };
		573C505514EC8D8C0029A677 /* en */ = {isa = PBXFileReference; lastKnownFileType = text.rtf; name = en; path = en.lproj/Credits.rtf; sourceTree = "<group>"; };
		573C505714EC8D8C0029A677 /* AppDelegate.h */ = {isa = PBXFileReference; path = AppDelegate.h; sourceTree = "<group>"; };
		573C505814EC8D8C0029A677 /* AppDelegate.m */ = {isa = PBXFileReference; lastKnownFileType = sourcecode.c.objc; path = AppDelegate.m; sourceTree = "<group>"; };
		573C505B14EC8D8D0029A677 /* en */ = {isa = PBXFileReference; lastKnownFileType = file.xib; name = en; path = en.lproj/MainMenu.xib; sourceTree = "<group>"; };
		573C506214EC8D8D0029A677 /* ProxyAppTests.octest */ = {isa = PBXFileReference; explicitFileType = wrapper.cfbundle; includeInIndex = 0; path = ProxyAppTests.octest; sourceTree = BUILT_PRODUCTS_DIR; };
		573C506314EC8D8D0029A677 /* SenTestingKit.framework */ = {isa = PBXFileReference; lastKnownFileType = wrapper.framework; name = SenTestingKit.framework; path = Library/Frameworks/SenTestingKit.framework; sourceTree = DEVELOPER_DIR; };
		573C506A14EC8D8D0029A677 /* ProxyAppTests-Info.plist */ = {isa = PBXFileReference; path = "ProxyAppTests-Info.plist"; sourceTree = "<group>"; };
		573C506C14EC8D8D0029A677 /* en */ = {isa = PBXFileReference; lastKnownFileType = text.plist.strings; name = en; path = en.lproj/InfoPlist.strings; sourceTree = "<group>"; };
		573C506E14EC8D8D0029A677 /* ProxyAppTests.h */ = {isa = PBXFileReference; path = ProxyAppTests.h; sourceTree = "<group>"; };
		573C506F14EC8D8D0029A677 /* ProxyAppTests.m */ = {isa = PBXFileReference; lastKnownFileType = sourcecode.c.objc; path = ProxyAppTests.m; sourceTree = "<group>"; };
/* End PBXFileReference section */

/* Begin PBXFrameworksBuildPhase section */
		573C503E14EC8D8C0029A677 /* Frameworks */ = {
			isa = PBXFrameworksBuildPhase;
			buildActionMask = 2147483647;
			files = (
				573C504614EC8D8C0029A677 /* Cocoa.framework in Frameworks */,
			);
			runOnlyForDeploymentPostprocessing = 0;
		};
		573C505E14EC8D8D0029A677 /* Frameworks */ = {
			isa = PBXFrameworksBuildPhase;
			buildActionMask = 2147483647;
			files = (
				573C506414EC8D8D0029A677 /* SenTestingKit.framework in Frameworks */,
				573C506514EC8D8D0029A677 /* Cocoa.framework in Frameworks */,
			);
			runOnlyForDeploymentPostprocessing = 0;
		};
/* End PBXFrameworksBuildPhase section */

/* Begin PBXGroup section */
		573C503614EC8D8C0029A677 = {
			isa = PBXGroup;
			children = (
				573C504B14EC8D8C0029A677 /* ProxyApp */,
				573C506814EC8D8D0029A677 /* ProxyAppTests */,
				573C504414EC8D8C0029A677 /* Frameworks */,
				573C504214EC8D8C0029A677 /* Products */,
			);
			sourceTree = "<group>";
		};
		573C504214EC8D8C0029A677 /* Products */ = {
			isa = PBXGroup;
			children = (
				573C504114EC8D8C0029A677 /* ProxyApp.app */,
				573C506214EC8D8D0029A677 /* ProxyAppTests.octest */,
			);
			name = Products;
			sourceTree = "<group>";
		};
		573C504414EC8D8C0029A677 /* Frameworks */ = {
			isa = PBXGroup;
			children = (
				573C504514EC8D8C0029A677 /* Cocoa.framework */,
				573C506314EC8D8D0029A677 /* SenTestingKit.framework */,
				573C504714EC8D8C0029A677 /* Other Frameworks */,
			);
			name = Frameworks;
			sourceTree = "<group>";
		};
		573C504714EC8D8C0029A677 /* Other Frameworks */ = {
			isa = PBXGroup;
			children = (
				573C504814EC8D8C0029A677 /* AppKit.framework */,
				573C504914EC8D8C0029A677 /* CoreData.framework */,
				573C504A14EC8D8C0029A677 /* Foundation.framework */,
			);
			name = "Other Frameworks";
			sourceTree = "<group>";
		};
		573C504B14EC8D8C0029A677 /* ProxyApp */ = {
			isa = PBXGroup;
			children = (
				573C505714EC8D8C0029A677 /* AppDelegate.h */,
				573C505814EC8D8C0029A677 /* AppDelegate.m */,
				573C505A14EC8D8D0029A677 /* MainMenu.xib */,
				573C504C14EC8D8C0029A677 /* Supporting Files */,
			);
			path = ProxyApp;
			sourceTree = "<group>";
		};
		573C504C14EC8D8C0029A677 /* Supporting Files */ = {
			isa = PBXGroup;
			children = (
				573C504D14EC8D8C0029A677 /* ProxyApp-Info.plist */,
				573C504E14EC8D8C0029A677 /* InfoPlist.strings */,
				573C505114EC8D8C0029A677 /* main.m */,
				573C505314EC8D8C0029A677 /* ProxyApp-Prefix.pch */,
				573C505414EC8D8C0029A677 /* Credits.rtf */,
			);
			name = "Supporting Files";
			sourceTree = "<group>";
		};
		573C506814EC8D8D0029A677 /* ProxyAppTests */ = {
			isa = PBXGroup;
			children = (
				573C506E14EC8D8D0029A677 /* ProxyAppTests.h */,
				573C506F14EC8D8D0029A677 /* ProxyAppTests.m */,
				573C506914EC8D8D0029A677 /* Supporting Files */,
			);
			path = ProxyAppTests;
			sourceTree = "<group>";
		};
		573C506914EC8D8D0029A677 /* Supporting Files */ = {
			isa = PBXGroup;
			children = (
				573C506A14EC8D8D0029A677 /* ProxyAppTests-Info.plist */,
				573C506B14EC8D8D0029A677 /* InfoPlist.strings */,
			);
			name = "Supporting Files";
			sourceTree = "<group>";
		};
/* End PBXGroup section */

/* Begin PBXNativeTarget section */
		573C504014EC8D8C0029A677 /* ProxyApp */ = {
			isa = PBXNativeTarget;
			buildConfigurationList = 573C507314EC8D8D0029A677 /* Build configuration list for PBXNativeTarget "ProxyApp" */;
			buildPhases = (
				573C503D14EC8D8C0029A677 /* Sources */,
				573C503E14EC8D8C0029A677 /* Frameworks */,
				573C503F14EC8D8C0029A677 /* Resources */,
			);
			buildRules = (
			);
			dependencies = (
			);
			name = ProxyApp;
			productName = ProxyApp;
			productReference = 573C504114EC8D8C0029A677 /* ProxyApp.app */;
			productType = "com.apple.product-type.application";
		};
		573C506114EC8D8D0029A677 /* ProxyAppTests */ = {
			isa = PBXNativeTarget;
			buildConfigurationList = 573C507614EC8D8D0029A677 /* Build configuration list for PBXNativeTarget "ProxyAppTests" */;
			buildPhases = (
				573C505D14EC8D8D0029A677 /* Sources */,
				573C505E14EC8D8D0029A677 /* Frameworks */,
				573C505F14EC8D8D0029A677 /* Resources */,
				573C506014EC8D8D0029A677 /* ShellScript */,
			);
			buildRules = (
			);
			dependencies = (
				573C506714EC8D8D0029A677 /* PBXTargetDependency */,
			);
			name = ProxyAppTests;
			productName = ProxyAppTests;
			productReference = 573C506214EC8D8D0029A677 /* ProxyAppTests.octest */;
			productType = "com.apple.product-type.bundle";
		};
/* End PBXNativeTarget section */

/* Begin PBXProject section */
		573C503814EC8D8C0029A677 /* Project object */ = {
			isa = PBXProject;
			attributes = {
				LastUpgradeCheck = 0420;
			};
			buildConfigurationList = 573C503B14EC8D8C0029A677 /* Build configuration list for PBXProject "ProxyApp" */;
			compatibilityVersion = "Xcode 3.2";
			developmentRegion = English;
			hasScannedForEncodings = 0;
			knownRegions = (
				en,
			);
			mainGroup = 573C503614EC8D8C0029A677;
			productRefGroup = 573C504214EC8D8C0029A677 /* Products */;
			projectDirPath = "";
			projectRoot = "";
			targets = (
				573C504014EC8D8C0029A677 /* ProxyApp */,
				573C506114EC8D8D0029A677 /* ProxyAppTests */,
			);
		};
/* End PBXProject section */

/* Begin PBXResourcesBuildPhase section */
		573C503F14EC8D8C0029A677 /* Resources */ = {
			isa = PBXResourcesBuildPhase;
			buildActionMask = 2147483647;
			files = (
				573C505014EC8D8C0029A677 /* InfoPlist.strings in Resources */,
				573C505614EC8D8C0029A677 /* Credits.rtf in Resources */,
				573C505C14EC8D8D0029A677 /* MainMenu.xib in Resources */,
			);
			runOnlyForDeploymentPostprocessing = 0;
		};
		573C505F14EC8D8D0029A677 /* Resources */ = {
			isa = PBXResourcesBuildPhase;
			buildActionMask = 2147483647;
			files = (
				573C506D14EC8D8D0029A677 /* InfoPlist.strings in Resources */,
			);
			runOnlyForDeploymentPostprocessing = 0;
		};
/* End PBXResourcesBuildPhase section */

/* Begin PBXShellScriptBuildPhase section */
		573C506014EC8D8D0029A677 /* ShellScript */ = {
			isa = PBXShellScriptBuildPhase;
			buildActionMask = 2147483647;
			files = (
			);
			inputPaths = (
			);
			outputPaths = (
			);
			runOnlyForDeploymentPostprocessing = 0;
			shellPath = /bin/sh;
			shellScript = "# Run the unit tests in this test bundle.\n\"${SYSTEM_DEVELOPER_DIR}/Tools/RunUnitTests\"\n";
		};
/* End PBXShellScriptBuildPhase section */

/* Begin PBXSourcesBuildPhase section */
		573C503D14EC8D8C0029A677 /* Sources */ = {
			isa = PBXSourcesBuildPhase;
			buildActionMask = 2147483647;
			files = (
				573C505214EC8D8C0029A677 /* main.m in Sources */,
				573C505914EC8D8C0029A677 /* AppDelegate.m in Sources */,
			);
			runOnlyForDeploymentPostprocessing = 0;
		};
		573C505D14EC8D8D0029A677 /* Sources */ = {
			isa = PBXSourcesBuildPhase;
			buildActionMask = 2147483647;
			files = (
				573C507014EC8D8D0029A677 /* ProxyAppTests.m in Sources */,
			);
			runOnlyForDeploymentPostprocessing = 0;
		};
/* End PBXSourcesBuildPhase section */

/* Begin PBXTargetDependency section */
		573C506714EC8D8D0029A677 /* PBXTargetDependency */ = {
			isa = PBXTargetDependency;
			target = 573C504014EC8D8C0029A677 /* ProxyApp */;
			targetProxy = 573C506614EC8D8D0029A677 /* PBXContainerItemProxy */;
		};
/* End PBXTargetDependency section */

/* Begin PBXVariantGroup section */
		573C504E14EC8D8C0029A677 /* InfoPlist.strings */ = {
			isa = PBXVariantGroup;
			children = (
				573C504F14EC8D8C0029A677 /* en */,
			);
			name = InfoPlist.strings;
			sourceTree = "<group>";
		};
		573C505414EC8D8C0029A677 /* Credits.rtf */ = {
			isa = PBXVariantGroup;
			children = (
				573C505514EC8D8C0029A677 /* en */,
			);
			name = Credits.rtf;
			sourceTree = "<group>";
		};
		573C505A14EC8D8D0029A677 /* MainMenu.xib */ = {
			isa = PBXVariantGroup;
			children = (
				573C505B14EC8D8D0029A677 /* en */,
			);
			name = MainMenu.xib;
			sourceTree = "<group>";
		};
		573C506B14EC8D8D0029A677 /* InfoPlist.strings */ = {
			isa = PBXVariantGroup;
			children = (
				573C506C14EC8D8D0029A677 /* en */,
			);
			name = InfoPlist.strings;
			sourceTree = "<group>";
		};
/* End PBXVariantGroup section */

/* Begin XCBuildConfiguration section */
		573C507114EC8D8D0029A677 /* Debug */ = {
			isa = XCBuildConfiguration;
			buildSettings = {
				ALWAYS_SEARCH_USER_PATHS = NO;
				ARCHS = "$(ARCHS_STANDARD_64_BIT)";
				COPY_PHASE_STRIP = NO;
				GCC_C_LANGUAGE_STANDARD = gnu99;
				GCC_DYNAMIC_NO_PIC = NO;
				GCC_ENABLE_OBJC_EXCEPTIONS = YES;
				GCC_OPTIMIZATION_LEVEL = 0;
				GCC_PREPROCESSOR_DEFINITIONS = (
					"DEBUG=1",
					"$(inherited)",
				);
				GCC_SYMBOLS_PRIVATE_EXTERN = NO;
				GCC_VERSION = com.apple.compilers.llvm.clang.1_0;
				GCC_WARN_64_TO_32_BIT_CONVERSION = YES;
				GCC_WARN_ABOUT_MISSING_PROTOTYPES = YES;
				GCC_WARN_ABOUT_RETURN_TYPE = YES;
				GCC_WARN_UNUSED_VARIABLE = YES;
				MACOSX_DEPLOYMENT_TARGET = 10.7;
				ONLY_ACTIVE_ARCH = YES;
				SDKROOT = macosx;
			};
			name = Debug;
		};
		573C507214EC8D8D0029A677 /* Release */ = {
			isa = XCBuildConfiguration;
			buildSettings = {
				ALWAYS_SEARCH_USER_PATHS = NO;
				ARCHS = "$(ARCHS_STANDARD_64_BIT)";
				COPY_PHASE_STRIP = YES;
				DEBUG_INFORMATION_FORMAT = "dwarf-with-dsym";
				GCC_C_LANGUAGE_STANDARD = gnu99;
				GCC_ENABLE_OBJC_EXCEPTIONS = YES;
				GCC_VERSION = com.apple.compilers.llvm.clang.1_0;
				GCC_WARN_64_TO_32_BIT_CONVERSION = YES;
				GCC_WARN_ABOUT_MISSING_PROTOTYPES = YES;
				GCC_WARN_ABOUT_RETURN_TYPE = YES;
				GCC_WARN_UNUSED_VARIABLE = YES;
				MACOSX_DEPLOYMENT_TARGET = 10.7;
				SDKROOT = macosx;
			};
			name = Release;
		};
		573C507414EC8D8D0029A677 /* Debug */ = {
			isa = XCBuildConfiguration;
			buildSettings = {
				GCC_PRECOMPILE_PREFIX_HEADER = YES;
				GCC_PREFIX_HEADER = "ProxyApp/ProxyApp-Prefix.pch";
				INFOPLIST_FILE = "ProxyApp/ProxyApp-Info.plist";
				PRODUCT_NAME = "$(TARGET_NAME)";
				WRAPPER_EXTENSION = app;
			};
			name = Debug;
		};
		573C507514EC8D8D0029A677 /* Release */ = {
			isa = XCBuildConfiguration;
			buildSettings = {
				GCC_PRECOMPILE_PREFIX_HEADER = YES;
				GCC_PREFIX_HEADER = "ProxyApp/ProxyApp-Prefix.pch";
				INFOPLIST_FILE = "ProxyApp/ProxyApp-Info.plist";
				PRODUCT_NAME = "$(TARGET_NAME)";
				WRAPPER_EXTENSION = app;
			};
			name = Release;
		};
		573C507714EC8D8D0029A677 /* Debug */ = {
			isa = XCBuildConfiguration;
			buildSettings = {
				BUNDLE_LOADER = "$(BUILT_PRODUCTS_DIR)/ProxyApp.app/Contents/MacOS/ProxyApp";
				FRAMEWORK_SEARCH_PATHS = "$(DEVELOPER_LIBRARY_DIR)/Frameworks";
				GCC_PRECOMPILE_PREFIX_HEADER = YES;
				GCC_PREFIX_HEADER = "ProxyApp/ProxyApp-Prefix.pch";
				INFOPLIST_FILE = "ProxyAppTests/ProxyAppTests-Info.plist";
				PRODUCT_NAME = "$(TARGET_NAME)";
				TEST_HOST = "$(BUNDLE_LOADER)";
				WRAPPER_EXTENSION = octest;
			};
			name = Debug;
		};
		573C507814EC8D8D0029A677 /* Release */ = {
			isa = XCBuildConfiguration;
			buildSettings = {
				BUNDLE_LOADER = "$(BUILT_PRODUCTS_DIR)/ProxyApp.app/Contents/MacOS/ProxyApp";
				FRAMEWORK_SEARCH_PATHS = "$(DEVELOPER_LIBRARY_DIR)/Frameworks";
				GCC_PRECOMPILE_PREFIX_HEADER = YES;
				GCC_PREFIX_HEADER = "ProxyApp/ProxyApp-Prefix.pch";
				INFOPLIST_FILE = "ProxyAppTests/ProxyAppTests-Info.plist";
				PRODUCT_NAME = "$(TARGET_NAME)";
				TEST_HOST = "$(BUNDLE_LOADER)";
				WRAPPER_EXTENSION = octest;
			};
			name = Release;
		};
/* End XCBuildConfiguration section */

/* Begin XCConfigurationList section */
		573C503B14EC8D8C0029A677 /* Build configuration list for PBXProject "ProxyApp" */ = {
			isa = XCConfigurationList;
			buildConfigurations = (
				573C507114EC8D8D0029A677 /* Debug */,
				573C507214EC8D8D0029A677 /* Release */,
			);
			defaultConfigurationIsVisible = 0;
			defaultConfigurationName = Release;
		};
		573C507314EC8D8D0029A677 /* Build configuration list for PBXNativeTarget "ProxyApp" */ = {
			isa = XCConfigurationList;
			buildConfigurations = (
				573C507414EC8D8D0029A677 /* Debug */,
				573C507514EC8D8D0029A677 /* Release */,
			);
			defaultConfigurationIsVisible = 0;
		};
		573C507614EC8D8D0029A677 /* Build configuration list for PBXNativeTarget "ProxyAppTests" */ = {
			isa = XCConfigurationList;
			buildConfigurations = (
				573C507714EC8D8D0029A677 /* Debug */,
				573C507814EC8D8D0029A677 /* Release */,
			);
			defaultConfigurationIsVisible = 0;
		};
/* End XCConfigurationList section */
	};
	rootObject = 573C503814EC8D8C0029A677 /* Project object */;
}
