// !$*UTF8*$!
{
	archiveVersion = 1;
	classes = {
	};
	objectVersion = 46;
	objects = {

/* Begin PBXBuildFile section */
		5701F3DB1511C1BE009A5816 /* spinner.xib in Resources */ = {isa = PBXBuildFile; fileRef = 5701F3DA1511C1BE009A5816 /* spinner.xib */; };
		5701F3E01511C3F9009A5816 /* SpinnerController.m in Sources */ = {isa = PBXBuildFile; fileRef = 5701F3DF1511C3F9009A5816 /* SpinnerController.m */; };
		5701F3E31511D1AB009A5816 /* SpinnerDriver.m in Sources */ = {isa = PBXBuildFile; fileRef = 5701F3E21511D1AB009A5816 /* SpinnerDriver.m */; };
		57127CD514DA60BC00D2E891 /* launchAtLoginController.m in Sources */ = {isa = PBXBuildFile; fileRef = 57127CD414DA60BC00D2E891 /* launchAtLoginController.m */; };
		572F6259174F246700B548AA /* con0.png in Resources */ = {isa = PBXBuildFile; fileRef = 572F624F174F246700B548AA /* con0.png */; };
		572F625A174F246700B548AA /* con0@2x.png in Resources */ = {isa = PBXBuildFile; fileRef = 572F6250174F246700B548AA /* con0@2x.png */; };
		572F625B174F246700B548AA /* con1.png in Resources */ = {isa = PBXBuildFile; fileRef = 572F6251174F246700B548AA /* con1.png */; };
		572F625C174F246700B548AA /* con1@2x.png in Resources */ = {isa = PBXBuildFile; fileRef = 572F6252174F246700B548AA /* con1@2x.png */; };
		572F625D174F246700B548AA /* con2.png in Resources */ = {isa = PBXBuildFile; fileRef = 572F6253174F246700B548AA /* con2.png */; };
		572F625E174F246700B548AA /* con2@2x.png in Resources */ = {isa = PBXBuildFile; fileRef = 572F6254174F246700B548AA /* con2@2x.png */; };
		572F625F174F246700B548AA /* off.png in Resources */ = {isa = PBXBuildFile; fileRef = 572F6255174F246700B548AA /* off.png */; };
		572F6260174F246700B548AA /* off@2x.png in Resources */ = {isa = PBXBuildFile; fileRef = 572F6256174F246700B548AA /* off@2x.png */; };
		572F6261174F246700B548AA /* on.png in Resources */ = {isa = PBXBuildFile; fileRef = 572F6257174F246700B548AA /* on.png */; };
		572F6262174F246700B548AA /* on@2x.png in Resources */ = {isa = PBXBuildFile; fileRef = 572F6258174F246700B548AA /* on@2x.png */; };
		576EE57919D0D055007119DE /* Images.xcassets in Resources */ = {isa = PBXBuildFile; fileRef = 576EE57819D0D055007119DE /* Images.xcassets */; };
		576EE57D19D0D18B007119DE /* Sparkle.framework in Frameworks */ = {isa = PBXBuildFile; fileRef = 576EE57C19D0D18B007119DE /* Sparkle.framework */; };
		576EE57E19D0D198007119DE /* Sparkle.framework in CopyFiles */ = {isa = PBXBuildFile; fileRef = 576EE57C19D0D18B007119DE /* Sparkle.framework */; settings = {ATTRIBUTES = (CodeSignOnCopy, RemoveHeadersOnCopy, ); }; };
		5776F5F01752C37300F6F79C /* ssh_connect in Resources */ = {isa = PBXBuildFile; fileRef = 5776F5EF1752C37300F6F79C /* ssh_connect */; };
		5787D43D14F2DDFA00DE2CF3 /* QuartzCore.framework in Frameworks */ = {isa = PBXBuildFile; fileRef = 5787D43C14F2DDF900DE2CF3 /* QuartzCore.framework */; };
		57909DDE174F1F61009DD369 /* icon.icns in Resources */ = {isa = PBXBuildFile; fileRef = 57909DDD174F1F61009DD369 /* icon.icns */; };
		579161AD14D13EE900786962 /* InfoPlist.strings in Resources */ = {isa = PBXBuildFile; fileRef = 579161AB14D13EE900786962 /* InfoPlist.strings */; };
		579161AF14D13EE900786962 /* main.m in Sources */ = {isa = PBXBuildFile; fileRef = 579161AE14D13EE900786962 /* main.m */; };
		579161B314D13EE900786962 /* Credits.rtf in Resources */ = {isa = PBXBuildFile; fileRef = 579161B114D13EE900786962 /* Credits.rtf */; };
		579161B614D13EE900786962 /* AppDelegate.m in Sources */ = {isa = PBXBuildFile; fileRef = 579161B514D13EE900786962 /* AppDelegate.m */; };
		579161B914D13EEA00786962 /* MainMenu.xib in Resources */ = {isa = PBXBuildFile; fileRef = 579161B714D13EEA00786962 /* MainMenu.xib */; };
		57A8E5A41821B10D00647943 /* SSKeychain.m in Sources */ = {isa = PBXBuildFile; fileRef = 57A8E5A31821B10D00647943 /* SSKeychain.m */; };
		57C3F2AE1550CC270001C0FF /* Keychain.m in Sources */ = {isa = PBXBuildFile; fileRef = 57C3F2AD1550CC270001C0FF /* Keychain.m */; };
		57D5EC4D15E7237C00A88FC7 /* ConfigureSOCKS.m in Sources */ = {isa = PBXBuildFile; fileRef = 57D5EC4C15E7237C00A88FC7 /* ConfigureSOCKS.m */; };
		57D5EC5315E7296F00A88FC7 /* dsa_pub.pem in Resources */ = {isa = PBXBuildFile; fileRef = 57D5EC5215E7296F00A88FC7 /* dsa_pub.pem */; };
		57D5EC5915E7374900A88FC7 /* mtn_lion_support in Resources */ = {isa = PBXBuildFile; fileRef = 57D5EC5815E7374900A88FC7 /* mtn_lion_support */; };
		57DE411115EC459B0027183A /* Security.framework in Frameworks */ = {isa = PBXBuildFile; fileRef = 57DE410F15EC45770027183A /* Security.framework */; };
		57DE411315EC46710027183A /* Cocoa.framework in Frameworks */ = {isa = PBXBuildFile; fileRef = 57DE411215EC46710027183A /* Cocoa.framework */; };
		57E0847314D5DB320098391D /* AppController.m in Sources */ = {isa = PBXBuildFile; fileRef = 57E0847214D5DB320098391D /* AppController.m */; };
		57E0847614D5DB590098391D /* PrefController.m in Sources */ = {isa = PBXBuildFile; fileRef = 57E0847514D5DB590098391D /* PrefController.m */; };
		57E0847814D5DB6D0098391D /* prefs.xib in Resources */ = {isa = PBXBuildFile; fileRef = 57E0847714D5DB6D0098391D /* prefs.xib */; };
/* End PBXBuildFile section */

/* Begin PBXCopyFilesBuildPhase section */
		57E0849114D60E140098391D /* CopyFiles */ = {
			isa = PBXCopyFilesBuildPhase;
			buildActionMask = 2147483647;
			dstPath = "";
			dstSubfolderSpec = 10;
			files = (
				576EE57E19D0D198007119DE /* Sparkle.framework in CopyFiles */,
			);
			runOnlyForDeploymentPostprocessing = 0;
		};
/* End PBXCopyFilesBuildPhase section */

/* Begin PBXFileReference section */
		5701F3DA1511C1BE009A5816 /* spinner.xib */ = {isa = PBXFileReference; fileEncoding = 4; lastKnownFileType = file.xib; path = spinner.xib; sourceTree = "<group>"; };
		5701F3DE1511C3F9009A5816 /* SpinnerController.h */ = {isa = PBXFileReference; fileEncoding = 4; lastKnownFileType = sourcecode.c.h; path = SpinnerController.h; sourceTree = "<group>"; };
		5701F3DF1511C3F9009A5816 /* SpinnerController.m */ = {isa = PBXFileReference; fileEncoding = 4; lastKnownFileType = sourcecode.c.objc; path = SpinnerController.m; sourceTree = "<group>"; };
		5701F3E11511D1AB009A5816 /* SpinnerDriver.h */ = {isa = PBXFileReference; fileEncoding = 4; lastKnownFileType = sourcecode.c.h; path = SpinnerDriver.h; sourceTree = "<group>"; };
		5701F3E21511D1AB009A5816 /* SpinnerDriver.m */ = {isa = PBXFileReference; fileEncoding = 4; lastKnownFileType = sourcecode.c.objc; path = SpinnerDriver.m; sourceTree = "<group>"; };
		57127CD314DA60BC00D2E891 /* launchAtLoginController.h */ = {isa = PBXFileReference; fileEncoding = 4; lastKnownFileType = sourcecode.c.h; path = launchAtLoginController.h; sourceTree = "<group>"; };
		57127CD414DA60BC00D2E891 /* launchAtLoginController.m */ = {isa = PBXFileReference; fileEncoding = 4; lastKnownFileType = sourcecode.c.objc; path = launchAtLoginController.m; sourceTree = "<group>"; };
		572F624F174F246700B548AA /* con0.png */ = {isa = PBXFileReference; lastKnownFileType = image.png; name = con0.png; path = icons/con0.png; sourceTree = "<group>"; };
		572F6250174F246700B548AA /* con0@2x.png */ = {isa = PBXFileReference; lastKnownFileType = image.png; name = "con0@2x.png"; path = "icons/con0@2x.png"; sourceTree = "<group>"; };
		572F6251174F246700B548AA /* con1.png */ = {isa = PBXFileReference; lastKnownFileType = image.png; name = con1.png; path = icons/con1.png; sourceTree = "<group>"; };
		572F6252174F246700B548AA /* con1@2x.png */ = {isa = PBXFileReference; lastKnownFileType = image.png; name = "con1@2x.png"; path = "icons/con1@2x.png"; sourceTree = "<group>"; };
		572F6253174F246700B548AA /* con2.png */ = {isa = PBXFileReference; lastKnownFileType = image.png; name = con2.png; path = icons/con2.png; sourceTree = "<group>"; };
		572F6254174F246700B548AA /* con2@2x.png */ = {isa = PBXFileReference; lastKnownFileType = image.png; name = "con2@2x.png"; path = "icons/con2@2x.png"; sourceTree = "<group>"; };
		572F6255174F246700B548AA /* off.png */ = {isa = PBXFileReference; lastKnownFileType = image.png; name = off.png; path = icons/off.png; sourceTree = "<group>"; };
		572F6256174F246700B548AA /* off@2x.png */ = {isa = PBXFileReference; lastKnownFileType = image.png; name = "off@2x.png"; path = "icons/off@2x.png"; sourceTree = "<group>"; };
		572F6257174F246700B548AA /* on.png */ = {isa = PBXFileReference; lastKnownFileType = image.png; name = on.png; path = icons/on.png; sourceTree = "<group>"; };
		572F6258174F246700B548AA /* on@2x.png */ = {isa = PBXFileReference; lastKnownFileType = image.png; name = "on@2x.png"; path = "icons/on@2x.png"; sourceTree = "<group>"; };
		57514F5414EAEFEC00B74FC7 /* Growl.framework */ = {isa = PBXFileReference; lastKnownFileType = wrapper.framework; path = Growl.framework; sourceTree = "<group>"; };
		576E588F1564837400D8339D /* ProxyApp.entitlements */ = {isa = PBXFileReference; lastKnownFileType = text.xml; path = ProxyApp.entitlements; sourceTree = "<group>"; };
		576EE57819D0D055007119DE /* Images.xcassets */ = {isa = PBXFileReference; lastKnownFileType = folder.assetcatalog; path = Images.xcassets; sourceTree = "<group>"; };
		576EE57C19D0D18B007119DE /* Sparkle.framework */ = {isa = PBXFileReference; lastKnownFileType = wrapper.framework; path = Sparkle.framework; sourceTree = "<group>"; };
		5776F5EF1752C37300F6F79C /* ssh_connect */ = {isa = PBXFileReference; fileEncoding = 4; lastKnownFileType = text; path = ssh_connect; sourceTree = "<group>"; };
		5787D43C14F2DDF900DE2CF3 /* QuartzCore.framework */ = {isa = PBXFileReference; lastKnownFileType = wrapper.framework; name = QuartzCore.framework; path = System/Library/Frameworks/QuartzCore.framework; sourceTree = SDKROOT; };
		57909DDD174F1F61009DD369 /* icon.icns */ = {isa = PBXFileReference; lastKnownFileType = image.icns; path = icon.icns; sourceTree = "<group>"; };
		5791619E14D13EE900786962 /* ProxyApp.app */ = {isa = PBXFileReference; explicitFileType = wrapper.application; includeInIndex = 0; path = ProxyApp.app; sourceTree = BUILT_PRODUCTS_DIR; };
		579161A514D13EE900786962 /* AppKit.framework */ = {isa = PBXFileReference; lastKnownFileType = wrapper.framework; name = AppKit.framework; path = System/Library/Frameworks/AppKit.framework; sourceTree = SDKROOT; };
		579161A614D13EE900786962 /* CoreData.framework */ = {isa = PBXFileReference; lastKnownFileType = wrapper.framework; name = CoreData.framework; path = System/Library/Frameworks/CoreData.framework; sourceTree = SDKROOT; };
		579161A714D13EE900786962 /* Foundation.framework */ = {isa = PBXFileReference; lastKnownFileType = wrapper.framework; name = Foundation.framework; path = System/Library/Frameworks/Foundation.framework; sourceTree = SDKROOT; };
		579161AA14D13EE900786962 /* ProxyApp-Info.plist */ = {isa = PBXFileReference; lastKnownFileType = text.plist.xml; path = "ProxyApp-Info.plist"; sourceTree = "<group>"; };
		579161AC14D13EE900786962 /* en */ = {isa = PBXFileReference; lastKnownFileType = text.plist.strings; name = en; path = en.lproj/InfoPlist.strings; sourceTree = "<group>"; };
		579161AE14D13EE900786962 /* main.m */ = {isa = PBXFileReference; lastKnownFileType = sourcecode.c.objc; path = main.m; sourceTree = "<group>"; };
		579161B014D13EE900786962 /* ProxyApp-Prefix.pch */ = {isa = PBXFileReference; lastKnownFileType = sourcecode.c.h; path = "ProxyApp-Prefix.pch"; sourceTree = "<group>"; };
		579161B214D13EE900786962 /* en */ = {isa = PBXFileReference; lastKnownFileType = text.rtf; name = en; path = en.lproj/Credits.rtf; sourceTree = "<group>"; };
		579161B414D13EE900786962 /* AppDelegate.h */ = {isa = PBXFileReference; lastKnownFileType = sourcecode.c.h; path = AppDelegate.h; sourceTree = "<group>"; };
		579161B514D13EE900786962 /* AppDelegate.m */ = {isa = PBXFileReference; lastKnownFileType = sourcecode.c.objc; path = AppDelegate.m; sourceTree = "<group>"; };
		579161B814D13EEA00786962 /* en */ = {isa = PBXFileReference; lastKnownFileType = file.xib; name = en; path = en.lproj/MainMenu.xib; sourceTree = "<group>"; };
		579161C014D13EEA00786962 /* SenTestingKit.framework */ = {isa = PBXFileReference; lastKnownFileType = wrapper.framework; name = SenTestingKit.framework; path = Library/Frameworks/SenTestingKit.framework; sourceTree = DEVELOPER_DIR; };
		57A43A11156940640005C6A8 /* Foundation.framework */ = {isa = PBXFileReference; lastKnownFileType = wrapper.framework; name = Foundation.framework; path = System/Library/Frameworks/Foundation.framework; sourceTree = SDKROOT; };
		57A8E5A21821B10D00647943 /* SSKeychain.h */ = {isa = PBXFileReference; fileEncoding = 4; lastKnownFileType = sourcecode.c.h; path = SSKeychain.h; sourceTree = "<group>"; };
		57A8E5A31821B10D00647943 /* SSKeychain.m */ = {isa = PBXFileReference; fileEncoding = 4; lastKnownFileType = sourcecode.c.objc; path = SSKeychain.m; sourceTree = "<group>"; };
		57C3F2AC1550CC270001C0FF /* Keychain.h */ = {isa = PBXFileReference; fileEncoding = 4; lastKnownFileType = sourcecode.c.h; path = Keychain.h; sourceTree = "<group>"; };
		57C3F2AD1550CC270001C0FF /* Keychain.m */ = {isa = PBXFileReference; fileEncoding = 4; lastKnownFileType = sourcecode.c.objc; path = Keychain.m; sourceTree = "<group>"; };
		57D5EC4B15E7237C00A88FC7 /* ConfigureSOCKS.h */ = {isa = PBXFileReference; fileEncoding = 4; lastKnownFileType = sourcecode.c.h; path = ConfigureSOCKS.h; sourceTree = "<group>"; };
		57D5EC4C15E7237C00A88FC7 /* ConfigureSOCKS.m */ = {isa = PBXFileReference; fileEncoding = 4; lastKnownFileType = sourcecode.c.objc; path = ConfigureSOCKS.m; sourceTree = "<group>"; };
		57D5EC5215E7296F00A88FC7 /* dsa_pub.pem */ = {isa = PBXFileReference; fileEncoding = 4; lastKnownFileType = text; path = dsa_pub.pem; sourceTree = "<group>"; };
		57D5EC5815E7374900A88FC7 /* mtn_lion_support */ = {isa = PBXFileReference; lastKnownFileType = "compiled.mach-o.executable"; path = mtn_lion_support; sourceTree = "<group>"; };
		57DE410F15EC45770027183A /* Security.framework */ = {isa = PBXFileReference; lastKnownFileType = wrapper.framework; name = Security.framework; path = System/Library/Frameworks/Security.framework; sourceTree = SDKROOT; };
		57DE411215EC46710027183A /* Cocoa.framework */ = {isa = PBXFileReference; lastKnownFileType = wrapper.framework; name = Cocoa.framework; path = System/Library/Frameworks/Cocoa.framework; sourceTree = SDKROOT; };
		57E0847114D5DB320098391D /* AppController.h */ = {isa = PBXFileReference; fileEncoding = 4; lastKnownFileType = sourcecode.c.h; path = AppController.h; sourceTree = "<group>"; };
		57E0847214D5DB320098391D /* AppController.m */ = {isa = PBXFileReference; fileEncoding = 4; lastKnownFileType = sourcecode.c.objc; path = AppController.m; sourceTree = "<group>"; };
		57E0847414D5DB590098391D /* PrefController.h */ = {isa = PBXFileReference; fileEncoding = 4; lastKnownFileType = sourcecode.c.h; path = PrefController.h; sourceTree = "<group>"; };
		57E0847514D5DB590098391D /* PrefController.m */ = {isa = PBXFileReference; fileEncoding = 4; lastKnownFileType = sourcecode.c.objc; path = PrefController.m; sourceTree = "<group>"; };
		57E0847714D5DB6D0098391D /* prefs.xib */ = {isa = PBXFileReference; fileEncoding = 4; lastKnownFileType = file.xib; path = prefs.xib; sourceTree = "<group>"; };
/* End PBXFileReference section */

/* Begin PBXFrameworksBuildPhase section */
		5791619B14D13EE900786962 /* Frameworks */ = {
			isa = PBXFrameworksBuildPhase;
			buildActionMask = 2147483647;
			files = (
				57DE411315EC46710027183A /* Cocoa.framework in Frameworks */,
				57DE411115EC459B0027183A /* Security.framework in Frameworks */,
				5787D43D14F2DDFA00DE2CF3 /* QuartzCore.framework in Frameworks */,
				576EE57D19D0D18B007119DE /* Sparkle.framework in Frameworks */,
			);
			runOnlyForDeploymentPostprocessing = 0;
		};
/* End PBXFrameworksBuildPhase section */

/* Begin PBXGroup section */
		5701F3DD1511C394009A5816 /* Spinner */ = {
			isa = PBXGroup;
			children = (
				5701F3DE1511C3F9009A5816 /* SpinnerController.h */,
				5701F3DF1511C3F9009A5816 /* SpinnerController.m */,
				5701F3E11511D1AB009A5816 /* SpinnerDriver.h */,
				5701F3E21511D1AB009A5816 /* SpinnerDriver.m */,
				5701F3DA1511C1BE009A5816 /* spinner.xib */,
			);
			name = Spinner;
			path = ProxyApp;
			sourceTree = "<group>";
		};
		57127CD714DA60C400D2E891 /* Auto Launch */ = {
			isa = PBXGroup;
			children = (
				57127CD314DA60BC00D2E891 /* launchAtLoginController.h */,
				57127CD414DA60BC00D2E891 /* launchAtLoginController.m */,
			);
			name = "Auto Launch";
			path = ProxyApp;
			sourceTree = "<group>";
		};
		5791619314D13EE900786962 = {
			isa = PBXGroup;
			children = (
				57BB2C451550B4C000067157 /* Keychain */,
				5701F3DD1511C394009A5816 /* Spinner */,
				57127CD714DA60C400D2E891 /* Auto Launch */,
				57E0847E14D5F6D80098391D /* Prefs */,
				579161A814D13EE900786962 /* ProxyApp */,
				57E0848A14D607AA0098391D /* Resources */,
				579161A114D13EE900786962 /* Frameworks */,
				5791619F14D13EE900786962 /* Products */,
			);
			sourceTree = "<group>";
		};
		5791619F14D13EE900786962 /* Products */ = {
			isa = PBXGroup;
			children = (
				5791619E14D13EE900786962 /* ProxyApp.app */,
			);
			name = Products;
			sourceTree = "<group>";
		};
		579161A114D13EE900786962 /* Frameworks */ = {
			isa = PBXGroup;
			children = (
				576EE57C19D0D18B007119DE /* Sparkle.framework */,
				57DE411215EC46710027183A /* Cocoa.framework */,
				57DE410F15EC45770027183A /* Security.framework */,
				5787D43C14F2DDF900DE2CF3 /* QuartzCore.framework */,
				57514F5414EAEFEC00B74FC7 /* Growl.framework */,
				579161C014D13EEA00786962 /* SenTestingKit.framework */,
				57A43A11156940640005C6A8 /* Foundation.framework */,
				579161A414D13EE900786962 /* Other Frameworks */,
			);
			name = Frameworks;
			sourceTree = "<group>";
		};
		579161A414D13EE900786962 /* Other Frameworks */ = {
			isa = PBXGroup;
			children = (
				579161A514D13EE900786962 /* AppKit.framework */,
				579161A614D13EE900786962 /* CoreData.framework */,
				579161A714D13EE900786962 /* Foundation.framework */,
			);
			name = "Other Frameworks";
			sourceTree = "<group>";
		};
		579161A814D13EE900786962 /* ProxyApp */ = {
			isa = PBXGroup;
			children = (
				576E588F1564837400D8339D /* ProxyApp.entitlements */,
				579161B414D13EE900786962 /* AppDelegate.h */,
				579161B514D13EE900786962 /* AppDelegate.m */,
				579161B714D13EEA00786962 /* MainMenu.xib */,
				576EE57819D0D055007119DE /* Images.xcassets */,
				579161A914D13EE900786962 /* Supporting Files */,
			);
			path = ProxyApp;
			sourceTree = "<group>";
		};
		579161A914D13EE900786962 /* Supporting Files */ = {
			isa = PBXGroup;
			children = (
				57D5EC4B15E7237C00A88FC7 /* ConfigureSOCKS.h */,
				57D5EC4C15E7237C00A88FC7 /* ConfigureSOCKS.m */,
				579161AA14D13EE900786962 /* ProxyApp-Info.plist */,
				579161AB14D13EE900786962 /* InfoPlist.strings */,
				579161AE14D13EE900786962 /* main.m */,
				579161B014D13EE900786962 /* ProxyApp-Prefix.pch */,
				579161B114D13EE900786962 /* Credits.rtf */,
			);
			name = "Supporting Files";
			sourceTree = "<group>";
		};
		57BB2C451550B4C000067157 /* Keychain */ = {
			isa = PBXGroup;
			children = (
				57C3F2AC1550CC270001C0FF /* Keychain.h */,
				57C3F2AD1550CC270001C0FF /* Keychain.m */,
				57A8E5A21821B10D00647943 /* SSKeychain.h */,
				57A8E5A31821B10D00647943 /* SSKeychain.m */,
			);
			name = Keychain;
			path = ProxyApp;
			sourceTree = "<group>";
		};
		57E0847E14D5F6D80098391D /* Prefs */ = {
			isa = PBXGroup;
			children = (
				57E0847714D5DB6D0098391D /* prefs.xib */,
				57E0847114D5DB320098391D /* AppController.h */,
				57E0847214D5DB320098391D /* AppController.m */,
				57E0847414D5DB590098391D /* PrefController.h */,
				57E0847514D5DB590098391D /* PrefController.m */,
			);
			name = Prefs;
			path = ProxyApp;
			sourceTree = "<group>";
		};
		57E0848A14D607AA0098391D /* Resources */ = {
			isa = PBXGroup;
			children = (
				572F624F174F246700B548AA /* con0.png */,
				572F6250174F246700B548AA /* con0@2x.png */,
				572F6251174F246700B548AA /* con1.png */,
				572F6252174F246700B548AA /* con1@2x.png */,
				572F6253174F246700B548AA /* con2.png */,
				572F6254174F246700B548AA /* con2@2x.png */,
				572F6255174F246700B548AA /* off.png */,
				572F6256174F246700B548AA /* off@2x.png */,
				572F6257174F246700B548AA /* on.png */,
				572F6258174F246700B548AA /* on@2x.png */,
				57D5EC5215E7296F00A88FC7 /* dsa_pub.pem */,
				57909DDD174F1F61009DD369 /* icon.icns */,
				5776F5EF1752C37300F6F79C /* ssh_connect */,
				57D5EC5815E7374900A88FC7 /* mtn_lion_support */,
			);
			name = Resources;
			sourceTree = "<group>";
		};
/* End PBXGroup section */

/* Begin PBXNativeTarget section */
		5791619D14D13EE900786962 /* ProxyApp */ = {
			isa = PBXNativeTarget;
			buildConfigurationList = 579161D014D13EEA00786962 /* Build configuration list for PBXNativeTarget "ProxyApp" */;
			buildPhases = (
				5791619A14D13EE900786962 /* Sources */,
				5791619B14D13EE900786962 /* Frameworks */,
				5791619C14D13EE900786962 /* Resources */,
				57E0849114D60E140098391D /* CopyFiles */,
			);
			buildRules = (
			);
			dependencies = (
			);
			name = ProxyApp;
			productName = ProxyApp;
			productReference = 5791619E14D13EE900786962 /* ProxyApp.app */;
			productType = "com.apple.product-type.application";
		};
/* End PBXNativeTarget section */

/* Begin PBXProject section */
		5791619514D13EE900786962 /* Project object */ = {
			isa = PBXProject;
			attributes = {
				LastUpgradeCheck = 0610;
				TargetAttributes = {
					5791619D14D13EE900786962 = {
						DevelopmentTeam = ZLA578A8YG;
						SystemCapabilities = {
							com.apple.Maps.Mac = {
								enabled = 0;
							};
						};
					};
				};
			};
			buildConfigurationList = 5791619814D13EE900786962 /* Build configuration list for PBXProject "ProxyApp" */;
			compatibilityVersion = "Xcode 3.2";
			developmentRegion = English;
			hasScannedForEncodings = 0;
			knownRegions = (
				en,
				English,
			);
			mainGroup = 5791619314D13EE900786962;
			productRefGroup = 5791619F14D13EE900786962 /* Products */;
			projectDirPath = "";
			projectRoot = "";
			targets = (
				5791619D14D13EE900786962 /* ProxyApp */,
			);
		};
/* End PBXProject section */

/* Begin PBXResourcesBuildPhase section */
		5791619C14D13EE900786962 /* Resources */ = {
			isa = PBXResourcesBuildPhase;
			buildActionMask = 2147483647;
			files = (
				579161AD14D13EE900786962 /* InfoPlist.strings in Resources */,
				579161B314D13EE900786962 /* Credits.rtf in Resources */,
				579161B914D13EEA00786962 /* MainMenu.xib in Resources */,
				57E0847814D5DB6D0098391D /* prefs.xib in Resources */,
				5701F3DB1511C1BE009A5816 /* spinner.xib in Resources */,
				57D5EC5315E7296F00A88FC7 /* dsa_pub.pem in Resources */,
				57D5EC5915E7374900A88FC7 /* mtn_lion_support in Resources */,
				57909DDE174F1F61009DD369 /* icon.icns in Resources */,
				576EE57919D0D055007119DE /* Images.xcassets in Resources */,
				572F6259174F246700B548AA /* con0.png in Resources */,
				572F625A174F246700B548AA /* con0@2x.png in Resources */,
				572F625B174F246700B548AA /* con1.png in Resources */,
				572F625C174F246700B548AA /* con1@2x.png in Resources */,
				572F625D174F246700B548AA /* con2.png in Resources */,
				572F625E174F246700B548AA /* con2@2x.png in Resources */,
				572F625F174F246700B548AA /* off.png in Resources */,
				572F6260174F246700B548AA /* off@2x.png in Resources */,
				572F6261174F246700B548AA /* on.png in Resources */,
				572F6262174F246700B548AA /* on@2x.png in Resources */,
				5776F5F01752C37300F6F79C /* ssh_connect in Resources */,
			);
			runOnlyForDeploymentPostprocessing = 0;
		};
/* End PBXResourcesBuildPhase section */

/* Begin PBXSourcesBuildPhase section */
		5791619A14D13EE900786962 /* Sources */ = {
			isa = PBXSourcesBuildPhase;
			buildActionMask = 2147483647;
			files = (
				579161AF14D13EE900786962 /* main.m in Sources */,
				579161B614D13EE900786962 /* AppDelegate.m in Sources */,
				57E0847314D5DB320098391D /* AppController.m in Sources */,
				57E0847614D5DB590098391D /* PrefController.m in Sources */,
				57127CD514DA60BC00D2E891 /* launchAtLoginController.m in Sources */,
				5701F3E01511C3F9009A5816 /* SpinnerController.m in Sources */,
				5701F3E31511D1AB009A5816 /* SpinnerDriver.m in Sources */,
				57C3F2AE1550CC270001C0FF /* Keychain.m in Sources */,
				57D5EC4D15E7237C00A88FC7 /* ConfigureSOCKS.m in Sources */,
				57A8E5A41821B10D00647943 /* SSKeychain.m in Sources */,
			);
			runOnlyForDeploymentPostprocessing = 0;
		};
/* End PBXSourcesBuildPhase section */

/* Begin PBXVariantGroup section */
		579161AB14D13EE900786962 /* InfoPlist.strings */ = {
			isa = PBXVariantGroup;
			children = (
				579161AC14D13EE900786962 /* en */,
			);
			name = InfoPlist.strings;
			sourceTree = "<group>";
		};
		579161B114D13EE900786962 /* Credits.rtf */ = {
			isa = PBXVariantGroup;
			children = (
				579161B214D13EE900786962 /* en */,
			);
			name = Credits.rtf;
			sourceTree = "<group>";
		};
		579161B714D13EEA00786962 /* MainMenu.xib */ = {
			isa = PBXVariantGroup;
			children = (
				579161B814D13EEA00786962 /* en */,
			);
			name = MainMenu.xib;
			sourceTree = "<group>";
		};
/* End PBXVariantGroup section */

/* Begin XCBuildConfiguration section */
		579161CE14D13EEA00786962 /* Debug */ = {
			isa = XCBuildConfiguration;
			buildSettings = {
				ALWAYS_SEARCH_USER_PATHS = NO;
				CLANG_WARN_BOOL_CONVERSION = YES;
				CLANG_WARN_CONSTANT_CONVERSION = YES;
				CLANG_WARN_EMPTY_BODY = YES;
				CLANG_WARN_ENUM_CONVERSION = YES;
				CLANG_WARN_INT_CONVERSION = YES;
				CLANG_WARN_UNREACHABLE_CODE = YES;
				CLANG_WARN__DUPLICATE_METHOD_MATCH = YES;
				CODE_SIGN_ENTITLEMENTS = "";
				CODE_SIGN_IDENTITY = "Joshua Girard Mac";
				COPY_PHASE_STRIP = NO;
				ENABLE_STRICT_OBJC_MSGSEND = YES;
				GCC_C_LANGUAGE_STANDARD = gnu99;
				GCC_DYNAMIC_NO_PIC = NO;
				GCC_ENABLE_OBJC_EXCEPTIONS = YES;
				GCC_ENABLE_OBJC_GC = unsupported;
				GCC_OPTIMIZATION_LEVEL = 0;
				GCC_PREPROCESSOR_DEFINITIONS = (
					"DEBUG=1",
					"$(inherited)",
				);
				GCC_SYMBOLS_PRIVATE_EXTERN = NO;
				GCC_VERSION = "";
				GCC_WARN_64_TO_32_BIT_CONVERSION = YES;
				GCC_WARN_ABOUT_MISSING_PROTOTYPES = YES;
				GCC_WARN_ABOUT_RETURN_TYPE = YES;
				GCC_WARN_UNDECLARED_SELECTOR = YES;
				GCC_WARN_UNINITIALIZED_AUTOS = YES;
				GCC_WARN_UNUSED_FUNCTION = YES;
				GCC_WARN_UNUSED_VARIABLE = YES;
				MACOSX_DEPLOYMENT_TARGET = "";
				ONLY_ACTIVE_ARCH = YES;
				SDKROOT = macosx;
			};
			name = Debug;
		};
		579161CF14D13EEA00786962 /* Release */ = {
			isa = XCBuildConfiguration;
			buildSettings = {
				ALWAYS_SEARCH_USER_PATHS = NO;
				CLANG_WARN_BOOL_CONVERSION = YES;
				CLANG_WARN_CONSTANT_CONVERSION = YES;
				CLANG_WARN_EMPTY_BODY = YES;
				CLANG_WARN_ENUM_CONVERSION = YES;
				CLANG_WARN_INT_CONVERSION = YES;
				CLANG_WARN_UNREACHABLE_CODE = YES;
				CLANG_WARN__DUPLICATE_METHOD_MATCH = YES;
				CODE_SIGN_ENTITLEMENTS = "";
				CODE_SIGN_IDENTITY = "Joshua Girard Mac";
				COPY_PHASE_STRIP = YES;
				DEBUG_INFORMATION_FORMAT = "dwarf-with-dsym";
				ENABLE_STRICT_OBJC_MSGSEND = YES;
				GCC_C_LANGUAGE_STANDARD = gnu99;
				GCC_ENABLE_OBJC_EXCEPTIONS = YES;
				GCC_ENABLE_OBJC_GC = unsupported;
				GCC_VERSION = "";
				GCC_WARN_64_TO_32_BIT_CONVERSION = YES;
				GCC_WARN_ABOUT_MISSING_PROTOTYPES = YES;
				GCC_WARN_ABOUT_RETURN_TYPE = YES;
				GCC_WARN_UNDECLARED_SELECTOR = YES;
				GCC_WARN_UNINITIALIZED_AUTOS = YES;
				GCC_WARN_UNUSED_FUNCTION = YES;
				GCC_WARN_UNUSED_VARIABLE = YES;
				MACOSX_DEPLOYMENT_TARGET = "";
				SDKROOT = macosx;
			};
			name = Release;
		};
		579161D114D13EEA00786962 /* Debug */ = {
			isa = XCBuildConfiguration;
			buildSettings = {
				ASSETCATALOG_COMPILER_APPICON_NAME = AppIcon;
				CLANG_ENABLE_OBJC_ARC = NO;
				"CODE_SIGN_IDENTITY[sdk=macosx*]" = "";
				COMBINE_HIDPI_IMAGES = YES;
				FRAMEWORK_SEARCH_PATHS = (
					"$(inherited)",
					"$(SRCROOT)",
					"$(PROJECT_DIR)",
				);
				GCC_PRECOMPILE_PREFIX_HEADER = YES;
				GCC_PREFIX_HEADER = "ProxyApp/ProxyApp-Prefix.pch";
				INFOPLIST_FILE = "ProxyApp/ProxyApp-Info.plist";
				MACOSX_DEPLOYMENT_TARGET = "";
				ONLY_ACTIVE_ARCH = NO;
				PRODUCT_NAME = ProxyApp;
				PROVISIONING_PROFILE = "";
				SDKROOT = macosx;
				WRAPPER_EXTENSION = app;
			};
			name = Debug;
		};
		579161D214D13EEA00786962 /* Release */ = {
			isa = XCBuildConfiguration;
			buildSettings = {
				ASSETCATALOG_COMPILER_APPICON_NAME = AppIcon;
				CLANG_ENABLE_OBJC_ARC = NO;
				"CODE_SIGN_IDENTITY[sdk=macosx*]" = "Joshua Girard Mac";
				COMBINE_HIDPI_IMAGES = YES;
				FRAMEWORK_SEARCH_PATHS = (
					"$(inherited)",
					"$(SRCROOT)",
					"$(PROJECT_DIR)",
				);
				GCC_PRECOMPILE_PREFIX_HEADER = YES;
				GCC_PREFIX_HEADER = "ProxyApp/ProxyApp-Prefix.pch";
				INFOPLIST_FILE = "ProxyApp/ProxyApp-Info.plist";
				MACOSX_DEPLOYMENT_TARGET = "";
				PRODUCT_NAME = ProxyApp;
				PROVISIONING_PROFILE = "";
				SDKROOT = macosx;
				WRAPPER_EXTENSION = app;
			};
			name = Release;
		};
/* End XCBuildConfiguration section */

/* Begin XCConfigurationList section */
		5791619814D13EE900786962 /* Build configuration list for PBXProject "ProxyApp" */ = {
			isa = XCConfigurationList;
			buildConfigurations = (
				579161CE14D13EEA00786962 /* Debug */,
				579161CF14D13EEA00786962 /* Release */,
			);
			defaultConfigurationIsVisible = 0;
			defaultConfigurationName = Release;
		};
		579161D014D13EEA00786962 /* Build configuration list for PBXNativeTarget "ProxyApp" */ = {
			isa = XCConfigurationList;
			buildConfigurations = (
				579161D114D13EEA00786962 /* Debug */,
				579161D214D13EEA00786962 /* Release */,
			);
			defaultConfigurationIsVisible = 0;
			defaultConfigurationName = Release;
		};
/* End XCConfigurationList section */
	};
	rootObject = 5791619514D13EE900786962 /* Project object */;
}
